
Microsoft Visual Studio Solution File, Format Version 12.00
# Visual Studio 15
VisualStudioVersion = 15.0.26228.4
MinimumVisualStudioVersion = 10.0.40219.1
Project("{FAE04EC0-301F-11D3-BF4B-00C04F79EFBC}") = "Challenge2_navigation.Android", "Challenge2_navigation\Challenge2_navigation.Android\Challenge2_navigation.Android.csproj", "{5CEE3C88-151E-4CCB-8C6D-0F7F218FD9AF}"
EndProject
Project("{FAE04EC0-301F-11D3-BF4B-00C04F79EFBC}") = "Challenge2_navigation", "Challenge2_navigation\Challenge2_navigation\Challenge2_navigation.csproj", "{2167DEEC-2772-46E2-A30E-E88BFA96422F}"
EndProject
Project("{FAE04EC0-301F-11D3-BF4B-00C04F79EFBC}") = "Challenge2_navigation.UWP", "Challenge2_navigation\Challenge2_navigation.UWP\Challenge2_navigation.UWP.csproj", "{F2D55AE6-264F-4775-91CC-F2B15B825294}"
EndProject
Project("{FAE04EC0-301F-11D3-BF4B-00C04F79EFBC}") = "Challenge2_navigation.iOS", "Challenge2_navigation\Challenge2_navigation.iOS\Challenge2_navigation.iOS.csproj", "{103071AF-C9B5-4368-BBFC-71F58C878780}"
EndProject
Global
	GlobalSection(SolutionConfigurationPlatforms) = preSolution
		Ad-Hoc|Any CPU = Ad-Hoc|Any CPU
		Ad-Hoc|ARM = Ad-Hoc|ARM
		Ad-Hoc|iPhone = Ad-Hoc|iPhone
		Ad-Hoc|iPhoneSimulator = Ad-Hoc|iPhoneSimulator
		Ad-Hoc|x64 = Ad-Hoc|x64
		Ad-Hoc|x86 = Ad-Hoc|x86
		AppStore|Any CPU = AppStore|Any CPU
		AppStore|ARM = AppStore|ARM
		AppStore|iPhone = AppStore|iPhone
		AppStore|iPhoneSimulator = AppStore|iPhoneSimulator
		AppStore|x64 = AppStore|x64
		AppStore|x86 = AppStore|x86
		Debug|Any CPU = Debug|Any CPU
		Debug|ARM = Debug|ARM
		Debug|iPhone = Debug|iPhone
		Debug|iPhoneSimulator = Debug|iPhoneSimulator
		Debug|x64 = Debug|x64
		Debug|x86 = Debug|x86
		Release|Any CPU = Release|Any CPU
		Release|ARM = Release|ARM
		Release|iPhone = Release|iPhone
		Release|iPhoneSimulator = Release|iPhoneSimulator
		Release|x64 = Release|x64
		Release|x86 = Release|x86
	EndGlobalSection
	GlobalSection(ProjectConfigurationPlatforms) = postSolution
		{5CEE3C88-151E-4CCB-8C6D-0F7F218FD9AF}.Ad-Hoc|Any CPU.ActiveCfg = Release|Any CPU
		{5CEE3C88-151E-4CCB-8C6D-0F7F218FD9AF}.Ad-Hoc|Any CPU.Build.0 = Release|Any CPU
		{5CEE3C88-151E-4CCB-8C6D-0F7F218FD9AF}.Ad-Hoc|Any CPU.Deploy.0 = Release|Any CPU
		{5CEE3C88-151E-4CCB-8C6D-0F7F218FD9AF}.Ad-Hoc|ARM.ActiveCfg = Release|Any CPU
		{5CEE3C88-151E-4CCB-8C6D-0F7F218FD9AF}.Ad-Hoc|ARM.Build.0 = Release|Any CPU
		{5CEE3C88-151E-4CCB-8C6D-0F7F218FD9AF}.Ad-Hoc|ARM.Deploy.0 = Release|Any CPU
		{5CEE3C88-151E-4CCB-8C6D-0F7F218FD9AF}.Ad-Hoc|iPhone.ActiveCfg = Release|Any CPU
		{5CEE3C88-151E-4CCB-8C6D-0F7F218FD9AF}.Ad-Hoc|iPhone.Build.0 = Release|Any CPU
		{5CEE3C88-151E-4CCB-8C6D-0F7F218FD9AF}.Ad-Hoc|iPhone.Deploy.0 = Release|Any CPU
		{5CEE3C88-151E-4CCB-8C6D-0F7F218FD9AF}.Ad-Hoc|iPhoneSimulator.ActiveCfg = Release|Any CPU
		{5CEE3C88-151E-4CCB-8C6D-0F7F218FD9AF}.Ad-Hoc|iPhoneSimulator.Build.0 = Release|Any CPU
		{5CEE3C88-151E-4CCB-8C6D-0F7F218FD9AF}.Ad-Hoc|iPhoneSimulator.Deploy.0 = Release|Any CPU
		{5CEE3C88-151E-4CCB-8C6D-0F7F218FD9AF}.Ad-Hoc|x64.ActiveCfg = Release|Any CPU
		{5CEE3C88-151E-4CCB-8C6D-0F7F218FD9AF}.Ad-Hoc|x64.Build.0 = Release|Any CPU
		{5CEE3C88-151E-4CCB-8C6D-0F7F218FD9AF}.Ad-Hoc|x64.Deploy.0 = Release|Any CPU
		{5CEE3C88-151E-4CCB-8C6D-0F7F218FD9AF}.Ad-Hoc|x86.ActiveCfg = Release|Any CPU
		{5CEE3C88-151E-4CCB-8C6D-0F7F218FD9AF}.Ad-Hoc|x86.Build.0 = Release|Any CPU
		{5CEE3C88-151E-4CCB-8C6D-0F7F218FD9AF}.Ad-Hoc|x86.Deploy.0 = Release|Any CPU
		{5CEE3C88-151E-4CCB-8C6D-0F7F218FD9AF}.AppStore|Any CPU.ActiveCfg = Release|Any CPU
		{5CEE3C88-151E-4CCB-8C6D-0F7F218FD9AF}.AppStore|Any CPU.Build.0 = Release|Any CPU
		{5CEE3C88-151E-4CCB-8C6D-0F7F218FD9AF}.AppStore|Any CPU.Deploy.0 = Release|Any CPU
		{5CEE3C88-151E-4CCB-8C6D-0F7F218FD9AF}.AppStore|ARM.ActiveCfg = Release|Any CPU
		{5CEE3C88-151E-4CCB-8C6D-0F7F218FD9AF}.AppStore|ARM.Build.0 = Release|Any CPU
		{5CEE3C88-151E-4CCB-8C6D-0F7F218FD9AF}.AppStore|ARM.Deploy.0 = Release|Any CPU
		{5CEE3C88-151E-4CCB-8C6D-0F7F218FD9AF}.AppStore|iPhone.ActiveCfg = Release|Any CPU
		{5CEE3C88-151E-4CCB-8C6D-0F7F218FD9AF}.AppStore|iPhone.Build.0 = Release|Any CPU
		{5CEE3C88-151E-4CCB-8C6D-0F7F218FD9AF}.AppStore|iPhone.Deploy.0 = Release|Any CPU
		{5CEE3C88-151E-4CCB-8C6D-0F7F218FD9AF}.AppStore|iPhoneSimulator.ActiveCfg = Release|Any CPU
		{5CEE3C88-151E-4CCB-8C6D-0F7F218FD9AF}.AppStore|iPhoneSimulator.Build.0 = Release|Any CPU
		{5CEE3C88-151E-4CCB-8C6D-0F7F218FD9AF}.AppStore|iPhoneSimulator.Deploy.0 = Release|Any CPU
		{5CEE3C88-151E-4CCB-8C6D-0F7F218FD9AF}.AppStore|x64.ActiveCfg = Release|Any CPU
		{5CEE3C88-151E-4CCB-8C6D-0F7F218FD9AF}.AppStore|x64.Build.0 = Release|Any CPU
		{5CEE3C88-151E-4CCB-8C6D-0F7F218FD9AF}.AppStore|x64.Deploy.0 = Release|Any CPU
		{5CEE3C88-151E-4CCB-8C6D-0F7F218FD9AF}.AppStore|x86.ActiveCfg = Release|Any CPU
		{5CEE3C88-151E-4CCB-8C6D-0F7F218FD9AF}.AppStore|x86.Build.0 = Release|Any CPU
		{5CEE3C88-151E-4CCB-8C6D-0F7F218FD9AF}.AppStore|x86.Deploy.0 = Release|Any CPU
		{5CEE3C88-151E-4CCB-8C6D-0F7F218FD9AF}.Debug|Any CPU.ActiveCfg = Debug|Any CPU
		{5CEE3C88-151E-4CCB-8C6D-0F7F218FD9AF}.Debug|Any CPU.Build.0 = Debug|Any CPU
		{5CEE3C88-151E-4CCB-8C6D-0F7F218FD9AF}.Debug|Any CPU.Deploy.0 = Debug|Any CPU
		{5CEE3C88-151E-4CCB-8C6D-0F7F218FD9AF}.Debug|ARM.ActiveCfg = Debug|Any CPU
		{5CEE3C88-151E-4CCB-8C6D-0F7F218FD9AF}.Debug|ARM.Build.0 = Debug|Any CPU
		{5CEE3C88-151E-4CCB-8C6D-0F7F218FD9AF}.Debug|ARM.Deploy.0 = Debug|Any CPU
		{5CEE3C88-151E-4CCB-8C6D-0F7F218FD9AF}.Debug|iPhone.ActiveCfg = Debug|Any CPU
		{5CEE3C88-151E-4CCB-8C6D-0F7F218FD9AF}.Debug|iPhone.Build.0 = Debug|Any CPU
		{5CEE3C88-151E-4CCB-8C6D-0F7F218FD9AF}.Debug|iPhone.Deploy.0 = Debug|Any CPU
		{5CEE3C88-151E-4CCB-8C6D-0F7F218FD9AF}.Debug|iPhoneSimulator.ActiveCfg = Debug|Any CPU
		{5CEE3C88-151E-4CCB-8C6D-0F7F218FD9AF}.Debug|iPhoneSimulator.Build.0 = Debug|Any CPU
		{5CEE3C88-151E-4CCB-8C6D-0F7F218FD9AF}.Debug|iPhoneSimulator.Deploy.0 = Debug|Any CPU
		{5CEE3C88-151E-4CCB-8C6D-0F7F218FD9AF}.Debug|x64.ActiveCfg = Debug|Any CPU
		{5CEE3C88-151E-4CCB-8C6D-0F7F218FD9AF}.Debug|x64.Build.0 = Debug|Any CPU
		{5CEE3C88-151E-4CCB-8C6D-0F7F218FD9AF}.Debug|x64.Deploy.0 = Debug|Any CPU
		{5CEE3C88-151E-4CCB-8C6D-0F7F218FD9AF}.Debug|x86.ActiveCfg = Debug|Any CPU
		{5CEE3C88-151E-4CCB-8C6D-0F7F218FD9AF}.Debug|x86.Build.0 = Debug|Any CPU
		{5CEE3C88-151E-4CCB-8C6D-0F7F218FD9AF}.Debug|x86.Deploy.0 = Debug|Any CPU
		{5CEE3C88-151E-4CCB-8C6D-0F7F218FD9AF}.Release|Any CPU.ActiveCfg = Release|Any CPU
		{5CEE3C88-151E-4CCB-8C6D-0F7F218FD9AF}.Release|Any CPU.Build.0 = Release|Any CPU
		{5CEE3C88-151E-4CCB-8C6D-0F7F218FD9AF}.Release|Any CPU.Deploy.0 = Release|Any CPU
		{5CEE3C88-151E-4CCB-8C6D-0F7F218FD9AF}.Release|ARM.ActiveCfg = Release|Any CPU
		{5CEE3C88-151E-4CCB-8C6D-0F7F218FD9AF}.Release|ARM.Build.0 = Release|Any CPU
		{5CEE3C88-151E-4CCB-8C6D-0F7F218FD9AF}.Release|ARM.Deploy.0 = Release|Any CPU
		{5CEE3C88-151E-4CCB-8C6D-0F7F218FD9AF}.Release|iPhone.ActiveCfg = Release|Any CPU
		{5CEE3C88-151E-4CCB-8C6D-0F7F218FD9AF}.Release|iPhone.Build.0 = Release|Any CPU
		{5CEE3C88-151E-4CCB-8C6D-0F7F218FD9AF}.Release|iPhone.Deploy.0 = Release|Any CPU
		{5CEE3C88-151E-4CCB-8C6D-0F7F218FD9AF}.Release|iPhoneSimulator.ActiveCfg = Release|Any CPU
		{5CEE3C88-151E-4CCB-8C6D-0F7F218FD9AF}.Release|iPhoneSimulator.Build.0 = Release|Any CPU
		{5CEE3C88-151E-4CCB-8C6D-0F7F218FD9AF}.Release|iPhoneSimulator.Deploy.0 = Release|Any CPU
		{5CEE3C88-151E-4CCB-8C6D-0F7F218FD9AF}.Release|x64.ActiveCfg = Release|Any CPU
		{5CEE3C88-151E-4CCB-8C6D-0F7F218FD9AF}.Release|x64.Build.0 = Release|Any CPU
		{5CEE3C88-151E-4CCB-8C6D-0F7F218FD9AF}.Release|x64.Deploy.0 = Release|Any CPU
		{5CEE3C88-151E-4CCB-8C6D-0F7F218FD9AF}.Release|x86.ActiveCfg = Release|Any CPU
		{5CEE3C88-151E-4CCB-8C6D-0F7F218FD9AF}.Release|x86.Build.0 = Release|Any CPU
		{5CEE3C88-151E-4CCB-8C6D-0F7F218FD9AF}.Release|x86.Deploy.0 = Release|Any CPU
		{2167DEEC-2772-46E2-A30E-E88BFA96422F}.Ad-Hoc|Any CPU.ActiveCfg = Release|Any CPU
		{2167DEEC-2772-46E2-A30E-E88BFA96422F}.Ad-Hoc|Any CPU.Build.0 = Release|Any CPU
		{2167DEEC-2772-46E2-A30E-E88BFA96422F}.Ad-Hoc|ARM.ActiveCfg = Release|Any CPU
		{2167DEEC-2772-46E2-A30E-E88BFA96422F}.Ad-Hoc|ARM.Build.0 = Release|Any CPU
		{2167DEEC-2772-46E2-A30E-E88BFA96422F}.Ad-Hoc|iPhone.ActiveCfg = Release|Any CPU
		{2167DEEC-2772-46E2-A30E-E88BFA96422F}.Ad-Hoc|iPhone.Build.0 = Release|Any CPU
		{2167DEEC-2772-46E2-A30E-E88BFA96422F}.Ad-Hoc|iPhoneSimulator.ActiveCfg = Release|Any CPU
		{2167DEEC-2772-46E2-A30E-E88BFA96422F}.Ad-Hoc|iPhoneSimulator.Build.0 = Release|Any CPU
		{2167DEEC-2772-46E2-A30E-E88BFA96422F}.Ad-Hoc|x64.ActiveCfg = Release|Any CPU
		{2167DEEC-2772-46E2-A30E-E88BFA96422F}.Ad-Hoc|x64.Build.0 = Release|Any CPU
		{2167DEEC-2772-46E2-A30E-E88BFA96422F}.Ad-Hoc|x86.ActiveCfg = Release|Any CPU
		{2167DEEC-2772-46E2-A30E-E88BFA96422F}.Ad-Hoc|x86.Build.0 = Release|Any CPU
		{2167DEEC-2772-46E2-A30E-E88BFA96422F}.AppStore|Any CPU.ActiveCfg = Release|Any CPU
		{2167DEEC-2772-46E2-A30E-E88BFA96422F}.AppStore|Any CPU.Build.0 = Release|Any CPU
		{2167DEEC-2772-46E2-A30E-E88BFA96422F}.AppStore|ARM.ActiveCfg = Release|Any CPU
		{2167DEEC-2772-46E2-A30E-E88BFA96422F}.AppStore|ARM.Build.0 = Release|Any CPU
		{2167DEEC-2772-46E2-A30E-E88BFA96422F}.AppStore|iPhone.ActiveCfg = Release|Any CPU
		{2167DEEC-2772-46E2-A30E-E88BFA96422F}.AppStore|iPhone.Build.0 = Release|Any CPU
		{2167DEEC-2772-46E2-A30E-E88BFA96422F}.AppStore|iPhoneSimulator.ActiveCfg = Release|Any CPU
		{2167DEEC-2772-46E2-A30E-E88BFA96422F}.AppStore|iPhoneSimulator.Build.0 = Release|Any CPU
		{2167DEEC-2772-46E2-A30E-E88BFA96422F}.AppStore|x64.ActiveCfg = Release|Any CPU
		{2167DEEC-2772-46E2-A30E-E88BFA96422F}.AppStore|x64.Build.0 = Release|Any CPU
		{2167DEEC-2772-46E2-A30E-E88BFA96422F}.AppStore|x86.ActiveCfg = Release|Any CPU
		{2167DEEC-2772-46E2-A30E-E88BFA96422F}.AppStore|x86.Build.0 = Release|Any CPU
		{2167DEEC-2772-46E2-A30E-E88BFA96422F}.Debug|Any CPU.ActiveCfg = Debug|Any CPU
		{2167DEEC-2772-46E2-A30E-E88BFA96422F}.Debug|Any CPU.Build.0 = Debug|Any CPU
		{2167DEEC-2772-46E2-A30E-E88BFA96422F}.Debug|ARM.ActiveCfg = Debug|Any CPU
		{2167DEEC-2772-46E2-A30E-E88BFA96422F}.Debug|ARM.Build.0 = Debug|Any CPU
		{2167DEEC-2772-46E2-A30E-E88BFA96422F}.Debug|iPhone.ActiveCfg = Debug|Any CPU
		{2167DEEC-2772-46E2-A30E-E88BFA96422F}.Debug|iPhone.Build.0 = Debug|Any CPU
		{2167DEEC-2772-46E2-A30E-E88BFA96422F}.Debug|iPhoneSimulator.ActiveCfg = Debug|Any CPU
		{2167DEEC-2772-46E2-A30E-E88BFA96422F}.Debug|iPhoneSimulator.Build.0 = Debug|Any CPU
		{2167DEEC-2772-46E2-A30E-E88BFA96422F}.Debug|x64.ActiveCfg = Debug|Any CPU
		{2167DEEC-2772-46E2-A30E-E88BFA96422F}.Debug|x64.Build.0 = Debug|Any CPU
		{2167DEEC-2772-46E2-A30E-E88BFA96422F}.Debug|x86.ActiveCfg = Debug|Any CPU
		{2167DEEC-2772-46E2-A30E-E88BFA96422F}.Debug|x86.Build.0 = Debug|Any CPU
		{2167DEEC-2772-46E2-A30E-E88BFA96422F}.Release|Any CPU.ActiveCfg = Release|Any CPU
		{2167DEEC-2772-46E2-A30E-E88BFA96422F}.Release|Any CPU.Build.0 = Release|Any CPU
		{2167DEEC-2772-46E2-A30E-E88BFA96422F}.Release|ARM.ActiveCfg = Release|Any CPU
		{2167DEEC-2772-46E2-A30E-E88BFA96422F}.Release|ARM.Build.0 = Release|Any CPU
		{2167DEEC-2772-46E2-A30E-E88BFA96422F}.Release|iPhone.ActiveCfg = Release|Any CPU
		{2167DEEC-2772-46E2-A30E-E88BFA96422F}.Release|iPhone.Build.0 = Release|Any CPU
		{2167DEEC-2772-46E2-A30E-E88BFA96422F}.Release|iPhoneSimulator.ActiveCfg = Release|Any CPU
		{2167DEEC-2772-46E2-A30E-E88BFA96422F}.Release|iPhoneSimulator.Build.0 = Release|Any CPU
		{2167DEEC-2772-46E2-A30E-E88BFA96422F}.Release|x64.ActiveCfg = Release|Any CPU
		{2167DEEC-2772-46E2-A30E-E88BFA96422F}.Release|x64.Build.0 = Release|Any CPU
		{2167DEEC-2772-46E2-A30E-E88BFA96422F}.Release|x86.ActiveCfg = Release|Any CPU
		{2167DEEC-2772-46E2-A30E-E88BFA96422F}.Release|x86.Build.0 = Release|Any CPU
		{F2D55AE6-264F-4775-91CC-F2B15B825294}.Ad-Hoc|Any CPU.ActiveCfg = Release|x86
		{F2D55AE6-264F-4775-91CC-F2B15B825294}.Ad-Hoc|Any CPU.Build.0 = Release|x86
		{F2D55AE6-264F-4775-91CC-F2B15B825294}.Ad-Hoc|Any CPU.Deploy.0 = Release|x86
		{F2D55AE6-264F-4775-91CC-F2B15B825294}.Ad-Hoc|ARM.ActiveCfg = Release|ARM
		{F2D55AE6-264F-4775-91CC-F2B15B825294}.Ad-Hoc|ARM.Build.0 = Release|ARM
		{F2D55AE6-264F-4775-91CC-F2B15B825294}.Ad-Hoc|ARM.Deploy.0 = Release|ARM
		{F2D55AE6-264F-4775-91CC-F2B15B825294}.Ad-Hoc|iPhone.ActiveCfg = Release|x86
		{F2D55AE6-264F-4775-91CC-F2B15B825294}.Ad-Hoc|iPhone.Build.0 = Release|x86
		{F2D55AE6-264F-4775-91CC-F2B15B825294}.Ad-Hoc|iPhone.Deploy.0 = Release|x86
		{F2D55AE6-264F-4775-91CC-F2B15B825294}.Ad-Hoc|iPhoneSimulator.ActiveCfg = Release|x86
		{F2D55AE6-264F-4775-91CC-F2B15B825294}.Ad-Hoc|iPhoneSimulator.Build.0 = Release|x86
		{F2D55AE6-264F-4775-91CC-F2B15B825294}.Ad-Hoc|iPhoneSimulator.Deploy.0 = Release|x86
		{F2D55AE6-264F-4775-91CC-F2B15B825294}.Ad-Hoc|x64.ActiveCfg = Release|x64
		{F2D55AE6-264F-4775-91CC-F2B15B825294}.Ad-Hoc|x64.Build.0 = Release|x64
		{F2D55AE6-264F-4775-91CC-F2B15B825294}.Ad-Hoc|x64.Deploy.0 = Release|x64
		{F2D55AE6-264F-4775-91CC-F2B15B825294}.Ad-Hoc|x86.ActiveCfg = Release|x86
		{F2D55AE6-264F-4775-91CC-F2B15B825294}.Ad-Hoc|x86.Build.0 = Release|x86
		{F2D55AE6-264F-4775-91CC-F2B15B825294}.Ad-Hoc|x86.Deploy.0 = Release|x86
		{F2D55AE6-264F-4775-91CC-F2B15B825294}.AppStore|Any CPU.ActiveCfg = Release|x86
		{F2D55AE6-264F-4775-91CC-F2B15B825294}.AppStore|Any CPU.Build.0 = Release|x86
		{F2D55AE6-264F-4775-91CC-F2B15B825294}.AppStore|Any CPU.Deploy.0 = Release|x86
		{F2D55AE6-264F-4775-91CC-F2B15B825294}.AppStore|ARM.ActiveCfg = Release|ARM
		{F2D55AE6-264F-4775-91CC-F2B15B825294}.AppStore|ARM.Build.0 = Release|ARM
		{F2D55AE6-264F-4775-91CC-F2B15B825294}.AppStore|ARM.Deploy.0 = Release|ARM
		{F2D55AE6-264F-4775-91CC-F2B15B825294}.AppStore|iPhone.ActiveCfg = Release|x86
		{F2D55AE6-264F-4775-91CC-F2B15B825294}.AppStore|iPhone.Build.0 = Release|x86
		{F2D55AE6-264F-4775-91CC-F2B15B825294}.AppStore|iPhone.Deploy.0 = Release|x86
		{F2D55AE6-264F-4775-91CC-F2B15B825294}.AppStore|iPhoneSimulator.ActiveCfg = Release|x86
		{F2D55AE6-264F-4775-91CC-F2B15B825294}.AppStore|iPhoneSimulator.Build.0 = Release|x86
		{F2D55AE6-264F-4775-91CC-F2B15B825294}.AppStore|iPhoneSimulator.Deploy.0 = Release|x86
		{F2D55AE6-264F-4775-91CC-F2B15B825294}.AppStore|x64.ActiveCfg = Release|x64
		{F2D55AE6-264F-4775-91CC-F2B15B825294}.AppStore|x64.Build.0 = Release|x64
		{F2D55AE6-264F-4775-91CC-F2B15B825294}.AppStore|x64.Deploy.0 = Release|x64
		{F2D55AE6-264F-4775-91CC-F2B15B825294}.AppStore|x86.ActiveCfg = Release|x86
		{F2D55AE6-264F-4775-91CC-F2B15B825294}.AppStore|x86.Build.0 = Release|x86
		{F2D55AE6-264F-4775-91CC-F2B15B825294}.AppStore|x86.Deploy.0 = Release|x86
		{F2D55AE6-264F-4775-91CC-F2B15B825294}.Debug|Any CPU.ActiveCfg = Debug|x86
		{F2D55AE6-264F-4775-91CC-F2B15B825294}.Debug|ARM.ActiveCfg = Debug|ARM
		{F2D55AE6-264F-4775-91CC-F2B15B825294}.Debug|ARM.Build.0 = Debug|ARM
		{F2D55AE6-264F-4775-91CC-F2B15B825294}.Debug|ARM.Deploy.0 = Debug|ARM
		{F2D55AE6-264F-4775-91CC-F2B15B825294}.Debug|iPhone.ActiveCfg = Debug|x86
		{F2D55AE6-264F-4775-91CC-F2B15B825294}.Debug|iPhoneSimulator.ActiveCfg = Debug|x86
		{F2D55AE6-264F-4775-91CC-F2B15B825294}.Debug|x64.ActiveCfg = Debug|x64
		{F2D55AE6-264F-4775-91CC-F2B15B825294}.Debug|x64.Build.0 = Debug|x64
		{F2D55AE6-264F-4775-91CC-F2B15B825294}.Debug|x64.Deploy.0 = Debug|x64
		{F2D55AE6-264F-4775-91CC-F2B15B825294}.Debug|x86.ActiveCfg = Debug|x86
		{F2D55AE6-264F-4775-91CC-F2B15B825294}.Debug|x86.Build.0 = Debug|x86
		{F2D55AE6-264F-4775-91CC-F2B15B825294}.Debug|x86.Deploy.0 = Debug|x86
		{F2D55AE6-264F-4775-91CC-F2B15B825294}.Release|Any CPU.ActiveCfg = Release|x86
		{F2D55AE6-264F-4775-91CC-F2B15B825294}.Release|ARM.ActiveCfg = Release|ARM
		{F2D55AE6-264F-4775-91CC-F2B15B825294}.Release|ARM.Build.0 = Release|ARM
		{F2D55AE6-264F-4775-91CC-F2B15B825294}.Release|ARM.Deploy.0 = Release|ARM
		{F2D55AE6-264F-4775-91CC-F2B15B825294}.Release|iPhone.ActiveCfg = Release|x86
		{F2D55AE6-264F-4775-91CC-F2B15B825294}.Release|iPhoneSimulator.ActiveCfg = Release|x86
		{F2D55AE6-264F-4775-91CC-F2B15B825294}.Release|x64.ActiveCfg = Release|x64
		{F2D55AE6-264F-4775-91CC-F2B15B825294}.Release|x64.Build.0 = Release|x64
		{F2D55AE6-264F-4775-91CC-F2B15B825294}.Release|x64.Deploy.0 = Release|x64
		{F2D55AE6-264F-4775-91CC-F2B15B825294}.Release|x86.ActiveCfg = Release|x86
		{F2D55AE6-264F-4775-91CC-F2B15B825294}.Release|x86.Build.0 = Release|x86
		{F2D55AE6-264F-4775-91CC-F2B15B825294}.Release|x86.Deploy.0 = Release|x86
		{103071AF-C9B5-4368-BBFC-71F58C878780}.Ad-Hoc|Any CPU.ActiveCfg = Ad-Hoc|iPhone
		{103071AF-C9B5-4368-BBFC-71F58C878780}.Ad-Hoc|ARM.ActiveCfg = Ad-Hoc|iPhone
		{103071AF-C9B5-4368-BBFC-71F58C878780}.Ad-Hoc|iPhone.ActiveCfg = Ad-Hoc|iPhone
		{103071AF-C9B5-4368-BBFC-71F58C878780}.Ad-Hoc|iPhone.Build.0 = Ad-Hoc|iPhone
		{103071AF-C9B5-4368-BBFC-71F58C878780}.Ad-Hoc|iPhoneSimulator.ActiveCfg = Ad-Hoc|iPhoneSimulator
		{103071AF-C9B5-4368-BBFC-71F58C878780}.Ad-Hoc|iPhoneSimulator.Build.0 = Ad-Hoc|iPhoneSimulator
		{103071AF-C9B5-4368-BBFC-71F58C878780}.Ad-Hoc|x64.ActiveCfg = Ad-Hoc|iPhone
		{103071AF-C9B5-4368-BBFC-71F58C878780}.Ad-Hoc|x86.ActiveCfg = Ad-Hoc|iPhone
		{103071AF-C9B5-4368-BBFC-71F58C878780}.AppStore|Any CPU.ActiveCfg = AppStore|iPhone
		{103071AF-C9B5-4368-BBFC-71F58C878780}.AppStore|ARM.ActiveCfg = AppStore|iPhone
		{103071AF-C9B5-4368-BBFC-71F58C878780}.AppStore|iPhone.ActiveCfg = AppStore|iPhone
		{103071AF-C9B5-4368-BBFC-71F58C878780}.AppStore|iPhone.Build.0 = AppStore|iPhone
		{103071AF-C9B5-4368-BBFC-71F58C878780}.AppStore|iPhoneSimulator.ActiveCfg = AppStore|iPhoneSimulator
		{103071AF-C9B5-4368-BBFC-71F58C878780}.AppStore|iPhoneSimulator.Build.0 = AppStore|iPhoneSimulator
		{103071AF-C9B5-4368-BBFC-71F58C878780}.AppStore|x64.ActiveCfg = AppStore|iPhone
		{103071AF-C9B5-4368-BBFC-71F58C878780}.AppStore|x86.ActiveCfg = AppStore|iPhone
		{103071AF-C9B5-4368-BBFC-71F58C878780}.Debug|Any CPU.ActiveCfg = Debug|iPhone
		{103071AF-C9B5-4368-BBFC-71F58C878780}.Debug|ARM.ActiveCfg = Debug|iPhone
		{103071AF-C9B5-4368-BBFC-71F58C878780}.Debug|iPhone.ActiveCfg = Debug|iPhone
		{103071AF-C9B5-4368-BBFC-71F58C878780}.Debug|iPhone.Build.0 = Debug|iPhone
		{103071AF-C9B5-4368-BBFC-71F58C878780}.Debug|iPhoneSimulator.ActiveCfg = Debug|iPhoneSimulator
		{103071AF-C9B5-4368-BBFC-71F58C878780}.Debug|iPhoneSimulator.Build.0 = Debug|iPhoneSimulator
		{103071AF-C9B5-4368-BBFC-71F58C878780}.Debug|x64.ActiveCfg = Debug|iPhone
		{103071AF-C9B5-4368-BBFC-71F58C878780}.Debug|x86.ActiveCfg = Debug|iPhone
		{103071AF-C9B5-4368-BBFC-71F58C878780}.Release|Any CPU.ActiveCfg = Release|iPhone
		{103071AF-C9B5-4368-BBFC-71F58C878780}.Release|ARM.ActiveCfg = Release|iPhone
		{103071AF-C9B5-4368-BBFC-71F58C878780}.Release|iPhone.ActiveCfg = Release|iPhone
		{103071AF-C9B5-4368-BBFC-71F58C878780}.Release|iPhone.Build.0 = Release|iPhone
		{103071AF-C9B5-4368-BBFC-71F58C878780}.Release|iPhoneSimulator.ActiveCfg = Release|iPhoneSimulator
		{103071AF-C9B5-4368-BBFC-71F58C878780}.Release|iPhoneSimulator.Build.0 = Release|iPhoneSimulator
		{103071AF-C9B5-4368-BBFC-71F58C878780}.Release|x64.ActiveCfg = Release|iPhone
		{103071AF-C9B5-4368-BBFC-71F58C878780}.Release|x86.ActiveCfg = Release|iPhone
	EndGlobalSection
	GlobalSection(SolutionProperties) = preSolution
		HideSolutionNode = FALSE
	EndGlobalSection
EndGlobal
